
Microsoft Visual Studio Solution File, Format Version 11.00
# Visual Studio 2010
Project("{8BC9CEB8-8B4A-11D0-8D11-00A0C91BC942}") = "John2", "John2.vcxproj", "{511B4DCE-DEED-4EF1-A0FA-996FAFC9CC09}"
EndProject
Global
	GlobalSection(SolutionConfigurationPlatforms) = preSolution
		Debug|Win32 = Debug|Win32
		Release|Win32 = Release|Win32
	EndGlobalSection
	GlobalSection(ProjectConfigurationPlatforms) = postSolution
		{511B4DCE-DEED-4EF1-A0FA-996FAFC9CC09}.Debug|Win32.ActiveCfg = Debug|Win32
		{511B4DCE-DEED-4EF1-A0FA-996FAFC9CC09}.Debug|Win32.Build.0 = Debug|Win32
		{511B4DCE-DEED-4EF1-A0FA-996FAFC9CC09}.Release|Win32.ActiveCfg = Release|Win32
		{511B4DCE-DEED-4EF1-A0FA-996FAFC9CC09}.Release|Win32.Build.0 = Release|Win32
	EndGlobalSection
	GlobalSection(SolutionProperties) = preSolution
		HideSolutionNode = FALSE
	EndGlobalSection
EndGlobal
